
Microsoft Visual Studio Solution File, Format Version 12.00
# Visual Studio Version 17
VisualStudioVersion = 17.4.33213.308
MinimumVisualStudioVersion = 10.0.40219.1
Project("{888888A0-9F3D-457C-B088-3A5042F75D52}") = "GRE-Level Word Generator", "GRE-Level Word Generator\GRE-Level Word Generator.pyproj", "{5E88AC42-0784-47AA-89BA-F2B2776827BF}"
EndProject
Global
	GlobalSection(SolutionConfigurationPlatforms) = preSolution
		Debug|Any CPU = Debug|Any CPU
		Release|Any CPU = Release|Any CPU
	EndGlobalSection
	GlobalSection(ProjectConfigurationPlatforms) = postSolution
		{5E88AC42-0784-47AA-89BA-F2B2776827BF}.Debug|Any CPU.ActiveCfg = Debug|Any CPU
		{5E88AC42-0784-47AA-89BA-F2B2776827BF}.Release|Any CPU.ActiveCfg = Release|Any CPU
	EndGlobalSection
	GlobalSection(SolutionProperties) = preSolution
		HideSolutionNode = FALSE
	EndGlobalSection
	GlobalSection(ExtensibilityGlobals) = postSolution
		SolutionGuid = {8C62ECED-B9CC-406D-819B-8013D1D8EC76}
	EndGlobalSection
EndGlobal
